
Microsoft Visual Studio Solution File, Format Version 12.00
# Visual Studio 14
VisualStudioVersion = 14.0.25420.1
MinimumVisualStudioVersion = 10.0.40219.1
Project("{8BC9CEB8-8B4A-11D0-8D11-00A0C91BC942}") = "Dice", "Project1\Project1.vcxproj", "{E83B4488-3D32-4499-85A1-E39B40C4B372}"
EndProject
Project("{8BC9CEB8-8B4A-11D0-8D11-00A0C91BC942}") = "cppunittest", "Project2\Project2.vcxproj", "{D3F8FD6A-CA41-40E9-8D8A-B97C51A17728}"
EndProject
Global
	GlobalSection(SolutionConfigurationPlatforms) = preSolution
		Debug|x64 = Debug|x64
		Debug|x86 = Debug|x86
		Release|x64 = Release|x64
		Release|x86 = Release|x86
		Template|x64 = Template|x64
		Template|x86 = Template|x86
	EndGlobalSection
	GlobalSection(ProjectConfigurationPlatforms) = postSolution
		{E83B4488-3D32-4499-85A1-E39B40C4B372}.Debug|x64.ActiveCfg = Debug|x64
		{E83B4488-3D32-4499-85A1-E39B40C4B372}.Debug|x64.Build.0 = Debug|x64
		{E83B4488-3D32-4499-85A1-E39B40C4B372}.Debug|x86.ActiveCfg = Debug|Win32
		{E83B4488-3D32-4499-85A1-E39B40C4B372}.Debug|x86.Build.0 = Debug|Win32
		{E83B4488-3D32-4499-85A1-E39B40C4B372}.Release|x64.ActiveCfg = Release|x64
		{E83B4488-3D32-4499-85A1-E39B40C4B372}.Release|x64.Build.0 = Release|x64
		{E83B4488-3D32-4499-85A1-E39B40C4B372}.Release|x86.ActiveCfg = Release|Win32
		{E83B4488-3D32-4499-85A1-E39B40C4B372}.Release|x86.Build.0 = Release|Win32
		{E83B4488-3D32-4499-85A1-E39B40C4B372}.Template|x64.ActiveCfg = Release|x64
		{E83B4488-3D32-4499-85A1-E39B40C4B372}.Template|x64.Build.0 = Release|x64
		{E83B4488-3D32-4499-85A1-E39B40C4B372}.Template|x86.ActiveCfg = Release|Win32
		{E83B4488-3D32-4499-85A1-E39B40C4B372}.Template|x86.Build.0 = Release|Win32
		{D3F8FD6A-CA41-40E9-8D8A-B97C51A17728}.Debug|x64.ActiveCfg = Debug|x64
		{D3F8FD6A-CA41-40E9-8D8A-B97C51A17728}.Debug|x64.Build.0 = Debug|x64
		{D3F8FD6A-CA41-40E9-8D8A-B97C51A17728}.Debug|x86.ActiveCfg = Debug|Win32
		{D3F8FD6A-CA41-40E9-8D8A-B97C51A17728}.Debug|x86.Build.0 = Debug|Win32
		{D3F8FD6A-CA41-40E9-8D8A-B97C51A17728}.Release|x64.ActiveCfg = Release|x64
		{D3F8FD6A-CA41-40E9-8D8A-B97C51A17728}.Release|x64.Build.0 = Release|x64
		{D3F8FD6A-CA41-40E9-8D8A-B97C51A17728}.Release|x86.ActiveCfg = Release|Win32
		{D3F8FD6A-CA41-40E9-8D8A-B97C51A17728}.Release|x86.Build.0 = Release|Win32
		{D3F8FD6A-CA41-40E9-8D8A-B97C51A17728}.Template|x64.ActiveCfg = Release|x64
		{D3F8FD6A-CA41-40E9-8D8A-B97C51A17728}.Template|x64.Build.0 = Release|x64
		{D3F8FD6A-CA41-40E9-8D8A-B97C51A17728}.Template|x86.ActiveCfg = Release|Win32
		{D3F8FD6A-CA41-40E9-8D8A-B97C51A17728}.Template|x86.Build.0 = Release|Win32
	EndGlobalSection
	GlobalSection(SolutionProperties) = preSolution
		HideSolutionNode = FALSE
	EndGlobalSection
EndGlobal
